
Microsoft Visual Studio Solution File, Format Version 12.00
# Visual Studio Version 17
VisualStudioVersion = 17.11.35327.3
MinimumVisualStudioVersion = 10.0.40219.1
Project("{FAE04EC0-301F-11D3-BF4B-00C04F79EFBC}") = "MiLibreria", "MiLibreria\MiLibreria.csproj", "{BD327E52-CDA3-4A76-AA8B-5165BB37E469}"
EndProject
Global
	GlobalSection(SolutionConfigurationPlatforms) = preSolution
		Debug|Any CPU = Debug|Any CPU
		Release|Any CPU = Release|Any CPU
	EndGlobalSection
	GlobalSection(ProjectConfigurationPlatforms) = postSolution
		{BD327E52-CDA3-4A76-AA8B-5165BB37E469}.Debug|Any CPU.ActiveCfg = Debug|Any CPU
		{BD327E52-CDA3-4A76-AA8B-5165BB37E469}.Debug|Any CPU.Build.0 = Debug|Any CPU
		{BD327E52-CDA3-4A76-AA8B-5165BB37E469}.Release|Any CPU.ActiveCfg = Release|Any CPU
		{BD327E52-CDA3-4A76-AA8B-5165BB37E469}.Release|Any CPU.Build.0 = Release|Any CPU
	EndGlobalSection
	GlobalSection(SolutionProperties) = preSolution
		HideSolutionNode = FALSE
	EndGlobalSection
	GlobalSection(ExtensibilityGlobals) = postSolution
		SolutionGuid = {37F4ADC5-50AB-4414-AEB6-4BBDE4E6208E}
	EndGlobalSection
EndGlobal
